
Microsoft Visual Studio Solution File, Format Version 12.00
# Visual Studio Version 17
VisualStudioVersion = 17.0.31903.59
MinimumVisualStudioVersion = 10.0.40219.1
Project("{FAE04EC0-301F-11D3-BF4B-00C04F79EFBC}") = "task1", "task1\task1.csproj", "{AEC40AA4-E03C-49E1-8439-DBD3658461B4}"
EndProject
Project("{FAE04EC0-301F-11D3-BF4B-00C04F79EFBC}") = "task2", "..\task2\task2.csproj", "{903AEEDF-7B08-4663-BB17-DD8380C04C0B}"
EndProject
Project("{FAE04EC0-301F-11D3-BF4B-00C04F79EFBC}") = "task3", "..\task3\task3.csproj", "{5343140C-90A0-4C3A-9D54-AAFF945E6655}"
EndProject
Global
	GlobalSection(SolutionConfigurationPlatforms) = preSolution
		Debug|Any CPU = Debug|Any CPU
		Release|Any CPU = Release|Any CPU
	EndGlobalSection
	GlobalSection(ProjectConfigurationPlatforms) = postSolution
		{AEC40AA4-E03C-49E1-8439-DBD3658461B4}.Debug|Any CPU.ActiveCfg = Debug|Any CPU
		{AEC40AA4-E03C-49E1-8439-DBD3658461B4}.Debug|Any CPU.Build.0 = Debug|Any CPU
		{AEC40AA4-E03C-49E1-8439-DBD3658461B4}.Release|Any CPU.ActiveCfg = Release|Any CPU
		{AEC40AA4-E03C-49E1-8439-DBD3658461B4}.Release|Any CPU.Build.0 = Release|Any CPU
		{903AEEDF-7B08-4663-BB17-DD8380C04C0B}.Debug|Any CPU.ActiveCfg = Debug|Any CPU
		{903AEEDF-7B08-4663-BB17-DD8380C04C0B}.Debug|Any CPU.Build.0 = Debug|Any CPU
		{903AEEDF-7B08-4663-BB17-DD8380C04C0B}.Release|Any CPU.ActiveCfg = Release|Any CPU
		{903AEEDF-7B08-4663-BB17-DD8380C04C0B}.Release|Any CPU.Build.0 = Release|Any CPU
		{5343140C-90A0-4C3A-9D54-AAFF945E6655}.Debug|Any CPU.ActiveCfg = Debug|Any CPU
		{5343140C-90A0-4C3A-9D54-AAFF945E6655}.Debug|Any CPU.Build.0 = Debug|Any CPU
		{5343140C-90A0-4C3A-9D54-AAFF945E6655}.Release|Any CPU.ActiveCfg = Release|Any CPU
		{5343140C-90A0-4C3A-9D54-AAFF945E6655}.Release|Any CPU.Build.0 = Release|Any CPU
	EndGlobalSection
	GlobalSection(SolutionProperties) = preSolution
		HideSolutionNode = FALSE
	EndGlobalSection
	GlobalSection(ExtensibilityGlobals) = postSolution
		SolutionGuid = {DB42658D-93B2-4DEF-9F10-A851326B2D40}
	EndGlobalSection
EndGlobal
